
Microsoft Visual Studio Solution File, Format Version 12.00
# Visual Studio Version 17
VisualStudioVersion = 17.0.32112.339
MinimumVisualStudioVersion = 10.0.40219.1
Project("{9A19103F-16F7-4668-BE54-9A1E7A4F7556}") = "UserApi", "PetsExchange.Users\UserApi.csproj", "{F468259B-7035-487D-ACC0-545E51F5A47C}"
EndProject
Project("{2150E333-8FDC-42A3-9474-1A3956D46DE8}") = "PetsExchange.User", "PetsExchange.User", "{FF7AC832-682F-4FD7-9202-C80F5ED39BC0}"
EndProject
Project("{2150E333-8FDC-42A3-9474-1A3956D46DE8}") = "PetsExchange.Extensions", "PetsExchange.Extensions", "{F5860283-B1EE-4277-847D-E3762A234722}"
EndProject
Project("{9A19103F-16F7-4668-BE54-9A1E7A4F7556}") = "ApiExtension", "ApiExtension\ApiExtension.csproj", "{42116822-94DC-4137-9F51-9F3B8B01806D}"
EndProject
Project("{9A19103F-16F7-4668-BE54-9A1E7A4F7556}") = "Validations", "Validations\Validations.csproj", "{65D729D4-1997-4460-A699-17229FDAFDAE}"
EndProject
Project("{9A19103F-16F7-4668-BE54-9A1E7A4F7556}") = "DataExtension", "DataExtension\DataExtension.csproj", "{FD31DD76-C9DF-4E21-8D1E-375A00ABA8FC}"
EndProject
Project("{9A19103F-16F7-4668-BE54-9A1E7A4F7556}") = "ClientExtension", "ClientExtension\ClientExtension.csproj", "{148BD353-E627-40F2-A130-7C88A8794E57}"
EndProject
Project("{9A19103F-16F7-4668-BE54-9A1E7A4F7556}") = "ValidationsUT", "ValidationsUT\ValidationsUT.csproj", "{BC88E7B9-0545-4C55-BD82-D8C57C61EC56}"
EndProject
Project("{2150E333-8FDC-42A3-9474-1A3956D46DE8}") = "PetsExchange.MainApi", "PetsExchange.MainApi", "{53C29307-6E6B-4974-9D07-EB9FE8641CCC}"
EndProject
Project("{9A19103F-16F7-4668-BE54-9A1E7A4F7556}") = "PetsExchangeApi", "PetsExchangeApi\PetsExchangeApi.csproj", "{C54B2F83-53FD-45D3-A2A7-B4A39698D6B2}"
EndProject
Project("{9A19103F-16F7-4668-BE54-9A1E7A4F7556}") = "UserApiClient", "UserApiClient\UserApiClient.csproj", "{B423189D-B7D0-47DE-8345-16E127761342}"
EndProject
Project("{9A19103F-16F7-4668-BE54-9A1E7A4F7556}") = "UserApiContract", "UserApiContract\UserApiContract.csproj", "{5ACE2269-EFE8-4ABE-B2C3-445BDAA9CC6E}"
EndProject
Project("{9A19103F-16F7-4668-BE54-9A1E7A4F7556}") = "UserApiUT", "UserApiUT\UserApiUT.csproj", "{D5CF7801-7019-48D5-970A-D989A72F025F}"
EndProject
Project("{2150E333-8FDC-42A3-9474-1A3956D46DE8}") = "PetsExchange.Authentication", "PetsExchange.Authentication", "{23D0FACE-E9CC-431A-900D-EE6B81DAE575}"
EndProject
Project("{FAE04EC0-301F-11D3-BF4B-00C04F79EFBC}") = "UserAuthManagment", "UserAuthManagment\UserAuthManagment.csproj", "{67224958-F3BA-49D4-BCDA-E37F19F627E1}"
EndProject
Project("{FAE04EC0-301F-11D3-BF4B-00C04F79EFBC}") = "UserAuthManagmentApiClient", "UserAuthManagmentApiClient\UserAuthManagmentApiClient.csproj", "{C86770A5-3764-44AC-A784-EC5C46696678}"
EndProject
Project("{FAE04EC0-301F-11D3-BF4B-00C04F79EFBC}") = "UserAuthManagmentApiContract", "UserAuthManagmentApiContract\UserAuthManagmentApiContract.csproj", "{7447FF99-5231-48FA-9380-EBC2FD01B999}"
EndProject
Global
	GlobalSection(SolutionConfigurationPlatforms) = preSolution
		Debug|Any CPU = Debug|Any CPU
		Release|Any CPU = Release|Any CPU
	EndGlobalSection
	GlobalSection(ProjectConfigurationPlatforms) = postSolution
		{F468259B-7035-487D-ACC0-545E51F5A47C}.Debug|Any CPU.ActiveCfg = Debug|Any CPU
		{F468259B-7035-487D-ACC0-545E51F5A47C}.Debug|Any CPU.Build.0 = Debug|Any CPU
		{F468259B-7035-487D-ACC0-545E51F5A47C}.Release|Any CPU.ActiveCfg = Release|Any CPU
		{F468259B-7035-487D-ACC0-545E51F5A47C}.Release|Any CPU.Build.0 = Release|Any CPU
		{42116822-94DC-4137-9F51-9F3B8B01806D}.Debug|Any CPU.ActiveCfg = Debug|Any CPU
		{42116822-94DC-4137-9F51-9F3B8B01806D}.Debug|Any CPU.Build.0 = Debug|Any CPU
		{42116822-94DC-4137-9F51-9F3B8B01806D}.Release|Any CPU.ActiveCfg = Release|Any CPU
		{42116822-94DC-4137-9F51-9F3B8B01806D}.Release|Any CPU.Build.0 = Release|Any CPU
		{65D729D4-1997-4460-A699-17229FDAFDAE}.Debug|Any CPU.ActiveCfg = Debug|Any CPU
		{65D729D4-1997-4460-A699-17229FDAFDAE}.Debug|Any CPU.Build.0 = Debug|Any CPU
		{65D729D4-1997-4460-A699-17229FDAFDAE}.Release|Any CPU.ActiveCfg = Release|Any CPU
		{65D729D4-1997-4460-A699-17229FDAFDAE}.Release|Any CPU.Build.0 = Release|Any CPU
		{FD31DD76-C9DF-4E21-8D1E-375A00ABA8FC}.Debug|Any CPU.ActiveCfg = Debug|Any CPU
		{FD31DD76-C9DF-4E21-8D1E-375A00ABA8FC}.Debug|Any CPU.Build.0 = Debug|Any CPU
		{FD31DD76-C9DF-4E21-8D1E-375A00ABA8FC}.Release|Any CPU.ActiveCfg = Release|Any CPU
		{FD31DD76-C9DF-4E21-8D1E-375A00ABA8FC}.Release|Any CPU.Build.0 = Release|Any CPU
		{148BD353-E627-40F2-A130-7C88A8794E57}.Debug|Any CPU.ActiveCfg = Debug|Any CPU
		{148BD353-E627-40F2-A130-7C88A8794E57}.Debug|Any CPU.Build.0 = Debug|Any CPU
		{148BD353-E627-40F2-A130-7C88A8794E57}.Release|Any CPU.ActiveCfg = Release|Any CPU
		{148BD353-E627-40F2-A130-7C88A8794E57}.Release|Any CPU.Build.0 = Release|Any CPU
		{BC88E7B9-0545-4C55-BD82-D8C57C61EC56}.Debug|Any CPU.ActiveCfg = Debug|Any CPU
		{BC88E7B9-0545-4C55-BD82-D8C57C61EC56}.Debug|Any CPU.Build.0 = Debug|Any CPU
		{BC88E7B9-0545-4C55-BD82-D8C57C61EC56}.Release|Any CPU.ActiveCfg = Release|Any CPU
		{BC88E7B9-0545-4C55-BD82-D8C57C61EC56}.Release|Any CPU.Build.0 = Release|Any CPU
		{C54B2F83-53FD-45D3-A2A7-B4A39698D6B2}.Debug|Any CPU.ActiveCfg = Debug|Any CPU
		{C54B2F83-53FD-45D3-A2A7-B4A39698D6B2}.Debug|Any CPU.Build.0 = Debug|Any CPU
		{C54B2F83-53FD-45D3-A2A7-B4A39698D6B2}.Release|Any CPU.ActiveCfg = Release|Any CPU
		{C54B2F83-53FD-45D3-A2A7-B4A39698D6B2}.Release|Any CPU.Build.0 = Release|Any CPU
		{B423189D-B7D0-47DE-8345-16E127761342}.Debug|Any CPU.ActiveCfg = Debug|Any CPU
		{B423189D-B7D0-47DE-8345-16E127761342}.Debug|Any CPU.Build.0 = Debug|Any CPU
		{B423189D-B7D0-47DE-8345-16E127761342}.Release|Any CPU.ActiveCfg = Release|Any CPU
		{B423189D-B7D0-47DE-8345-16E127761342}.Release|Any CPU.Build.0 = Release|Any CPU
		{5ACE2269-EFE8-4ABE-B2C3-445BDAA9CC6E}.Debug|Any CPU.ActiveCfg = Debug|Any CPU
		{5ACE2269-EFE8-4ABE-B2C3-445BDAA9CC6E}.Debug|Any CPU.Build.0 = Debug|Any CPU
		{5ACE2269-EFE8-4ABE-B2C3-445BDAA9CC6E}.Release|Any CPU.ActiveCfg = Release|Any CPU
		{5ACE2269-EFE8-4ABE-B2C3-445BDAA9CC6E}.Release|Any CPU.Build.0 = Release|Any CPU
		{D5CF7801-7019-48D5-970A-D989A72F025F}.Debug|Any CPU.ActiveCfg = Debug|Any CPU
		{D5CF7801-7019-48D5-970A-D989A72F025F}.Debug|Any CPU.Build.0 = Debug|Any CPU
		{D5CF7801-7019-48D5-970A-D989A72F025F}.Release|Any CPU.ActiveCfg = Release|Any CPU
		{D5CF7801-7019-48D5-970A-D989A72F025F}.Release|Any CPU.Build.0 = Release|Any CPU
		{67224958-F3BA-49D4-BCDA-E37F19F627E1}.Debug|Any CPU.ActiveCfg = Debug|Any CPU
		{67224958-F3BA-49D4-BCDA-E37F19F627E1}.Debug|Any CPU.Build.0 = Debug|Any CPU
		{67224958-F3BA-49D4-BCDA-E37F19F627E1}.Release|Any CPU.ActiveCfg = Release|Any CPU
		{67224958-F3BA-49D4-BCDA-E37F19F627E1}.Release|Any CPU.Build.0 = Release|Any CPU
		{C86770A5-3764-44AC-A784-EC5C46696678}.Debug|Any CPU.ActiveCfg = Debug|Any CPU
		{C86770A5-3764-44AC-A784-EC5C46696678}.Debug|Any CPU.Build.0 = Debug|Any CPU
		{C86770A5-3764-44AC-A784-EC5C46696678}.Release|Any CPU.ActiveCfg = Release|Any CPU
		{C86770A5-3764-44AC-A784-EC5C46696678}.Release|Any CPU.Build.0 = Release|Any CPU
		{7447FF99-5231-48FA-9380-EBC2FD01B999}.Debug|Any CPU.ActiveCfg = Debug|Any CPU
		{7447FF99-5231-48FA-9380-EBC2FD01B999}.Debug|Any CPU.Build.0 = Debug|Any CPU
		{7447FF99-5231-48FA-9380-EBC2FD01B999}.Release|Any CPU.ActiveCfg = Release|Any CPU
		{7447FF99-5231-48FA-9380-EBC2FD01B999}.Release|Any CPU.Build.0 = Release|Any CPU
	EndGlobalSection
	GlobalSection(SolutionProperties) = preSolution
		HideSolutionNode = FALSE
	EndGlobalSection
	GlobalSection(NestedProjects) = preSolution
		{F468259B-7035-487D-ACC0-545E51F5A47C} = {FF7AC832-682F-4FD7-9202-C80F5ED39BC0}
		{42116822-94DC-4137-9F51-9F3B8B01806D} = {F5860283-B1EE-4277-847D-E3762A234722}
		{65D729D4-1997-4460-A699-17229FDAFDAE} = {F5860283-B1EE-4277-847D-E3762A234722}
		{FD31DD76-C9DF-4E21-8D1E-375A00ABA8FC} = {F5860283-B1EE-4277-847D-E3762A234722}
		{148BD353-E627-40F2-A130-7C88A8794E57} = {F5860283-B1EE-4277-847D-E3762A234722}
		{BC88E7B9-0545-4C55-BD82-D8C57C61EC56} = {F5860283-B1EE-4277-847D-E3762A234722}
		{C54B2F83-53FD-45D3-A2A7-B4A39698D6B2} = {53C29307-6E6B-4974-9D07-EB9FE8641CCC}
		{B423189D-B7D0-47DE-8345-16E127761342} = {FF7AC832-682F-4FD7-9202-C80F5ED39BC0}
		{5ACE2269-EFE8-4ABE-B2C3-445BDAA9CC6E} = {FF7AC832-682F-4FD7-9202-C80F5ED39BC0}
		{D5CF7801-7019-48D5-970A-D989A72F025F} = {FF7AC832-682F-4FD7-9202-C80F5ED39BC0}
		{67224958-F3BA-49D4-BCDA-E37F19F627E1} = {23D0FACE-E9CC-431A-900D-EE6B81DAE575}
		{C86770A5-3764-44AC-A784-EC5C46696678} = {23D0FACE-E9CC-431A-900D-EE6B81DAE575}
		{7447FF99-5231-48FA-9380-EBC2FD01B999} = {23D0FACE-E9CC-431A-900D-EE6B81DAE575}
	EndGlobalSection
	GlobalSection(ExtensibilityGlobals) = postSolution
		SolutionGuid = {3B4784EA-1E9C-4A7B-93D3-1F42BB54EABD}
	EndGlobalSection
EndGlobal
